// !$*UTF8*$!
{
	archiveVersion = 1;
	classes = {
	};
	objectVersion = 46;
	objects = {

/* Begin PBXBuildFile section */
		1B7527C01DD8CA090042B328 /* JuegodeMemoria.swift in Sources */ = {isa = PBXBuildFile; fileRef = 1B7527BF1DD8CA090042B328 /* JuegodeMemoria.swift */; };
/* End PBXBuildFile section */

/* Begin PBXContainerItemProxy section */
		1B4919C41DD8BAB40099B666 /* PBXContainerItemProxy */ = {
			isa = PBXContainerItemProxy;
			containerPortal = 1B4919A61DD8BAB30099B666 /* Project object */;
			proxyType = 1;
			remoteGlobalIDString = 1B4919AD1DD8BAB30099B666;
			remoteInfo = "Juego de Memoria";
		};
/* End PBXContainerItemProxy section */

/* Begin PBXFileReference section */
		1B4919D31DD8BF2F0099B666 /* JuegodeMemoria.playground */ = {isa = PBXFileReference; lastKnownFileType = file.playground; path = JuegodeMemoria.playground; sourceTree = "<group>"; };
		1B7527BD1DD8C7A70042B328 /* Juego de Memoria.app */ = {isa = PBXFileReference; explicitFileType = wrapper.application; includeInIndex = 0; path = "Juego de Memoria.app"; sourceTree = BUILT_PRODUCTS_DIR; };
		1B7527BE1DD8C7A70042B328 /* Juego de MemoriaTests.xctest */ = {isa = PBXFileReference; explicitFileType = wrapper.cfbundle; includeInIndex = 0; path = "Juego de MemoriaTests.xctest"; sourceTree = BUILT_PRODUCTS_DIR; };
		1B7527BF1DD8CA090042B328 /* JuegodeMemoria.swift */ = {isa = PBXFileReference; fileEncoding = 4; lastKnownFileType = sourcecode.swift; path = JuegodeMemoria.swift; sourceTree = "<group>"; };
/* End PBXFileReference section */

/* Begin PBXFrameworksBuildPhase section */
		1B4919AB1DD8BAB30099B666 /* Frameworks */ = {
			isa = PBXFrameworksBuildPhase;
			buildActionMask = 2147483647;
			files = (
			);
			runOnlyForDeploymentPostprocessing = 0;
		};
		1B4919C01DD8BAB40099B666 /* Frameworks */ = {
			isa = PBXFrameworksBuildPhase;
			buildActionMask = 2147483647;
			files = (
			);
			runOnlyForDeploymentPostprocessing = 0;
		};
/* End PBXFrameworksBuildPhase section */

/* Begin PBXGroup section */
		1B4919A51DD8BAB30099B666 = {
			isa = PBXGroup;
			children = (
				1B4919B01DD8BAB30099B666 /* Juego de Memoria */,
				1B7527BD1DD8C7A70042B328 /* Juego de Memoria.app */,
				1B7527BE1DD8C7A70042B328 /* Juego de MemoriaTests.xctest */,
			);
			sourceTree = "<group>";
		};
		1B4919B01DD8BAB30099B666 /* Juego de Memoria */ = {
			isa = PBXGroup;
			children = (
				1B7527BF1DD8CA090042B328 /* JuegodeMemoria.swift */,
				1B4919D31DD8BF2F0099B666 /* JuegodeMemoria.playground */,
			);
			path = "Juego de Memoria";
			sourceTree = "<group>";
		};
/* End PBXGroup section */

/* Begin PBXNativeTarget section */
		1B4919AD1DD8BAB30099B666 /* Juego de Memoria */ = {
			isa = PBXNativeTarget;
			buildConfigurationList = 1B4919CD1DD8BAB40099B666 /* Build configuration list for PBXNativeTarget "Juego de Memoria" */;
			buildPhases = (
				1B4919AA1DD8BAB30099B666 /* Sources */,
				1B4919AB1DD8BAB30099B666 /* Frameworks */,
				1B4919AC1DD8BAB30099B666 /* Resources */,
			);
			buildRules = (
			);
			dependencies = (
			);
			name = "Juego de Memoria";
			productName = "Juego de Memoria";
			productReference = 1B7527BD1DD8C7A70042B328 /* Juego de Memoria.app */;
			productType = "com.apple.product-type.application";
		};
		1B4919C21DD8BAB40099B666 /* Juego de MemoriaTests */ = {
			isa = PBXNativeTarget;
			buildConfigurationList = 1B4919D01DD8BAB40099B666 /* Build configuration list for PBXNativeTarget "Juego de MemoriaTests" */;
			buildPhases = (
				1B4919BF1DD8BAB40099B666 /* Sources */,
				1B4919C01DD8BAB40099B666 /* Frameworks */,
				1B4919C11DD8BAB40099B666 /* Resources */,
			);
			buildRules = (
			);
			dependencies = (
				1B4919C51DD8BAB40099B666 /* PBXTargetDependency */,
			);
			name = "Juego de MemoriaTests";
			productName = "Juego de MemoriaTests";
			productReference = 1B7527BE1DD8C7A70042B328 /* Juego de MemoriaTests.xctest */;
			productType = "com.apple.product-type.bundle.unit-test";
		};
/* End PBXNativeTarget section */

/* Begin PBXProject section */
		1B4919A61DD8BAB30099B666 /* Project object */ = {
			isa = PBXProject;
			attributes = {
				LastUpgradeCheck = 0620;
				ORGANIZATIONNAME = "Carlos Reyes";
				TargetAttributes = {
					1B4919AD1DD8BAB30099B666 = {
						CreatedOnToolsVersion = 6.2;
					};
					1B4919C21DD8BAB40099B666 = {
						CreatedOnToolsVersion = 6.2;
						TestTargetID = 1B4919AD1DD8BAB30099B666;
					};
				};
			};
			buildConfigurationList = 1B4919A91DD8BAB30099B666 /* Build configuration list for PBXProject "Juego de Memoria" */;
			compatibilityVersion = "Xcode 3.2";
			developmentRegion = English;
			hasScannedForEncodings = 0;
			knownRegions = (
				en,
				Base,
			);
			mainGroup = 1B4919A51DD8BAB30099B666;
			productRefGroup = 1B4919A51DD8BAB30099B666;
			projectDirPath = "";
			projectRoot = "";
			targets = (
				1B4919AD1DD8BAB30099B666 /* Juego de Memoria */,
				1B4919C21DD8BAB40099B666 /* Juego de MemoriaTests */,
			);
		};
/* End PBXProject section */

/* Begin PBXResourcesBuildPhase section */
		1B4919AC1DD8BAB30099B666 /* Resources */ = {
			isa = PBXResourcesBuildPhase;
			buildActionMask = 2147483647;
			files = (
			);
			runOnlyForDeploymentPostprocessing = 0;
		};
		1B4919C11DD8BAB40099B666 /* Resources */ = {
			isa = PBXResourcesBuildPhase;
			buildActionMask = 2147483647;
			files = (
			);
			runOnlyForDeploymentPostprocessing = 0;
		};
/* End PBXResourcesBuildPhase section */

/* Begin PBXSourcesBuildPhase section */
		1B4919AA1DD8BAB30099B666 /* Sources */ = {
			isa = PBXSourcesBuildPhase;
			buildActionMask = 2147483647;
			files = (
				1B7527C01DD8CA090042B328 /* JuegodeMemoria.swift in Sources */,
			);
			runOnlyForDeploymentPostprocessing = 0;
		};
		1B4919BF1DD8BAB40099B666 /* Sources */ = {
			isa = PBXSourcesBuildPhase;
			buildActionMask = 2147483647;
			files = (
			);
			runOnlyForDeploymentPostprocessing = 0;
		};
/* End PBXSourcesBuildPhase section */

/* Begin PBXTargetDependency section */
		1B4919C51DD8BAB40099B666 /* PBXTargetDependency */ = {
			isa = PBXTargetDependency;
			target = 1B4919AD1DD8BAB30099B666 /* Juego de Memoria */;
			targetProxy = 1B4919C41DD8BAB40099B666 /* PBXContainerItemProxy */;
		};
/* End PBXTargetDependency section */

/* Begin XCBuildConfiguration section */
		1B4919CB1DD8BAB40099B666 /* Debug */ = {
			isa = XCBuildConfiguration;
			buildSettings = {
				ALWAYS_SEARCH_USER_PATHS = NO;
				CLANG_CXX_LANGUAGE_STANDARD = "gnu++0x";
				CLANG_CXX_LIBRARY = "libc++";
				CLANG_ENABLE_MODULES = YES;
				CLANG_ENABLE_OBJC_ARC = YES;
				CLANG_WARN_BOOL_CONVERSION = YES;
				CLANG_WARN_CONSTANT_CONVERSION = YES;
				CLANG_WARN_DIRECT_OBJC_ISA_USAGE = YES_ERROR;
				CLANG_WARN_EMPTY_BODY = YES;
				CLANG_WARN_ENUM_CONVERSION = YES;
				CLANG_WARN_INT_CONVERSION = YES;
				CLANG_WARN_OBJC_ROOT_CLASS = YES_ERROR;
				CLANG_WARN_UNREACHABLE_CODE = YES;
				CLANG_WARN__DUPLICATE_METHOD_MATCH = YES;
				"CODE_SIGN_IDENTITY[sdk=iphoneos*]" = "iPhone Developer";
				COPY_PHASE_STRIP = NO;
				ENABLE_STRICT_OBJC_MSGSEND = YES;
				GCC_C_LANGUAGE_STANDARD = gnu99;
				GCC_DYNAMIC_NO_PIC = NO;
				GCC_OPTIMIZATION_LEVEL = 0;
				GCC_PREPROCESSOR_DEFINITIONS = (
					"DEBUG=1",
					"$(inherited)",
				);
				GCC_SYMBOLS_PRIVATE_EXTERN = NO;
				GCC_WARN_64_TO_32_BIT_CONVERSION = YES;
				GCC_WARN_ABOUT_RETURN_TYPE = YES_ERROR;
				GCC_WARN_UNDECLARED_SELECTOR = YES;
				GCC_WARN_UNINITIALIZED_AUTOS = YES_AGGRESSIVE;
				GCC_WARN_UNUSED_FUNCTION = YES;
				GCC_WARN_UNUSED_VARIABLE = YES;
				IPHONEOS_DEPLOYMENT_TARGET = 8.2;
				MTL_ENABLE_DEBUG_INFO = YES;
				ONLY_ACTIVE_ARCH = YES;
				SDKROOT = iphoneos;
				SWIFT_OPTIMIZATION_LEVEL = "-Onone";
				TARGETED_DEVICE_FAMILY = "1,2";
			};
			name = Debug;
		};
		1B4919CC1DD8BAB40099B666 /* Release */ = {
			isa = XCBuildConfiguration;
			buildSettings = {
				ALWAYS_SEARCH_USER_PATHS = NO;
				CLANG_CXX_LANGUAGE_STANDARD = "gnu++0x";
				CLANG_CXX_LIBRARY = "libc++";
				CLANG_ENABLE_MODULES = YES;
				CLANG_ENABLE_OBJC_ARC = YES;
				CLANG_WARN_BOOL_CONVERSION = YES;
				CLANG_WARN_CONSTANT_CONVERSION = YES;
				CLANG_WARN_DIRECT_OBJC_ISA_USAGE = YES_ERROR;
				CLANG_WARN_EMPTY_BODY = YES;
				CLANG_WARN_ENUM_CONVERSION = YES;
				CLANG_WARN_INT_CONVERSION = YES;
				CLANG_WARN_OBJC_ROOT_CLASS = YES_ERROR;
				CLANG_WARN_UNREACHABLE_CODE = YES;
				CLANG_WARN__DUPLICATE_METHOD_MATCH = YES;
				"CODE_SIGN_IDENTITY[sdk=iphoneos*]" = "iPhone Developer";
				COPY_PHASE_STRIP = NO;
				ENABLE_NS_ASSERTIONS = NO;
				ENABLE_STRICT_OBJC_MSGSEND = YES;
				GCC_C_LANGUAGE_STANDARD = gnu99;
				GCC_WARN_64_TO_32_BIT_CONVERSION = YES;
				GCC_WARN_ABOUT_RETURN_TYPE = YES_ERROR;
				GCC_WARN_UNDECLARED_SELECTOR = YES;
				GCC_WARN_UNINITIALIZED_AUTOS = YES_AGGRESSIVE;
				GCC_WARN_UNUSED_FUNCTION = YES;
				GCC_WARN_UNUSED_VARIABLE = YES;
				IPHONEOS_DEPLOYMENT_TARGET = 8.2;
				MTL_ENABLE_DEBUG_INFO = NO;
				SDKROOT = iphoneos;
				TARGETED_DEVICE_FAMILY = "1,2";
				VALIDATE_PRODUCT = YES;
			};
			name = Release;
		};
		1B4919CE1DD8BAB40099B666 /* Debug */ = {
			isa = XCBuildConfiguration;
			buildSettings = {
				ASSETCATALOG_COMPILER_APPICON_NAME = AppIcon;
				CLANG_ENABLE_MODULES = YES;
				INFOPLIST_FILE = "Juego de Memoria/Info.plist";
				LD_RUNPATH_SEARCH_PATHS = "$(inherited) @executable_path/Frameworks";
				PRODUCT_NAME = "$(TARGET_NAME)";
				SWIFT_OPTIMIZATION_LEVEL = "-Onone";
			};
			name = Debug;
		};
		1B4919CF1DD8BAB40099B666 /* Release */ = {
			isa = XCBuildConfiguration;
			buildSettings = {
				ASSETCATALOG_COMPILER_APPICON_NAME = AppIcon;
				CLANG_ENABLE_MODULES = YES;
				INFOPLIST_FILE = "Juego de Memoria/Info.plist";
				LD_RUNPATH_SEARCH_PATHS = "$(inherited) @executable_path/Frameworks";
				PRODUCT_NAME = "$(TARGET_NAME)";
			};
			name = Release;
		};
		1B4919D11DD8BAB40099B666 /* Debug */ = {
			isa = XCBuildConfiguration;
			buildSettings = {
				BUNDLE_LOADER = "$(TEST_HOST)";
				FRAMEWORK_SEARCH_PATHS = (
					"$(SDKROOT)/Developer/Library/Frameworks",
					"$(inherited)",
				);
				GCC_PREPROCESSOR_DEFINITIONS = (
					"DEBUG=1",
					"$(inherited)",
				);
				INFOPLIST_FILE = "Juego de MemoriaTests/Info.plist";
				LD_RUNPATH_SEARCH_PATHS = "$(inherited) @executable_path/Frameworks @loader_path/Frameworks";
				PRODUCT_NAME = "$(TARGET_NAME)";
				TEST_HOST = "$(BUILT_PRODUCTS_DIR)/Juego de Memoria.app/Juego de Memoria";
			};
			name = Debug;
		};
		1B4919D21DD8BAB40099B666 /* Release */ = {
			isa = XCBuildConfiguration;
			buildSettings = {
				BUNDLE_LOADER = "$(TEST_HOST)";
				FRAMEWORK_SEARCH_PATHS = (
					"$(SDKROOT)/Developer/Library/Frameworks",
					"$(inherited)",
				);
				INFOPLIST_FILE = "Juego de MemoriaTests/Info.plist";
				LD_RUNPATH_SEARCH_PATHS = "$(inherited) @executable_path/Frameworks @loader_path/Frameworks";
				PRODUCT_NAME = "$(TARGET_NAME)";
				TEST_HOST = "$(BUILT_PRODUCTS_DIR)/Juego de Memoria.app/Juego de Memoria";
			};
			name = Release;
		};
/* End XCBuildConfiguration section */

/* Begin XCConfigurationList section */
		1B4919A91DD8BAB30099B666 /* Build configuration list for PBXProject "Juego de Memoria" */ = {
			isa = XCConfigurationList;
			buildConfigurations = (
				1B4919CB1DD8BAB40099B666 /* Debug */,
				1B4919CC1DD8BAB40099B666 /* Release */,
			);
			defaultConfigurationIsVisible = 0;
			defaultConfigurationName = Release;
		};
		1B4919CD1DD8BAB40099B666 /* Build configuration list for PBXNativeTarget "Juego de Memoria" */ = {
			isa = XCConfigurationList;
			buildConfigurations = (
				1B4919CE1DD8BAB40099B666 /* Debug */,
				1B4919CF1DD8BAB40099B666 /* Release */,
			);
			defaultConfigurationIsVisible = 0;
			defaultConfigurationName = Release;
		};
		1B4919D01DD8BAB40099B666 /* Build configuration list for PBXNativeTarget "Juego de MemoriaTests" */ = {
			isa = XCConfigurationList;
			buildConfigurations = (
				1B4919D11DD8BAB40099B666 /* Debug */,
				1B4919D21DD8BAB40099B666 /* Release */,
			);
			defaultConfigurationIsVisible = 0;
			defaultConfigurationName = Release;
		};
/* End XCConfigurationList section */
	};
	rootObject = 1B4919A61DD8BAB30099B666 /* Project object */;
}
